
Microsoft Visual Studio Solution File, Format Version 12.00
# Visual Studio 15
VisualStudioVersion = 15.0.27703.2042
MinimumVisualStudioVersion = 10.0.40219.1
Project("{FAE04EC0-301F-11D3-BF4B-00C04F79EFBC}") = "STO_Event_Calendar", "STO_Event_Calendar.csproj", "{44932AC6-71C7-45C6-8C3F-F45B33E043D0}"
EndProject
Global
	GlobalSection(SolutionConfigurationPlatforms) = preSolution
		Debug|Any CPU = Debug|Any CPU
		Release|Any CPU = Release|Any CPU
	EndGlobalSection
	GlobalSection(ProjectConfigurationPlatforms) = postSolution
		{44932AC6-71C7-45C6-8C3F-F45B33E043D0}.Debug|Any CPU.ActiveCfg = Debug|Any CPU
		{44932AC6-71C7-45C6-8C3F-F45B33E043D0}.Debug|Any CPU.Build.0 = Debug|Any CPU
		{44932AC6-71C7-45C6-8C3F-F45B33E043D0}.Release|Any CPU.ActiveCfg = Release|Any CPU
		{44932AC6-71C7-45C6-8C3F-F45B33E043D0}.Release|Any CPU.Build.0 = Release|Any CPU
	EndGlobalSection
	GlobalSection(SolutionProperties) = preSolution
		HideSolutionNode = FALSE
	EndGlobalSection
	GlobalSection(ExtensibilityGlobals) = postSolution
		SolutionGuid = {39A5C021-6BAF-44F9-A419-AFFBB152F9BD}
	EndGlobalSection
EndGlobal
