
Microsoft Visual Studio Solution File, Format Version 12.00
# Visual Studio Version 16
VisualStudioVersion = 16.0.29009.5
MinimumVisualStudioVersion = 10.0.40219.1
Project("{9A19103F-16F7-4668-BE54-9A1E7A4F7556}") = "STO Event Calculator", "STO Event Calculator\STO Event Calculator.csproj", "{B24C27D2-18AE-4447-A4E3-E93527EC75E0}"
EndProject
Global
	GlobalSection(SolutionConfigurationPlatforms) = preSolution
		Debug|Any CPU = Debug|Any CPU
		Release|Any CPU = Release|Any CPU
	EndGlobalSection
	GlobalSection(ProjectConfigurationPlatforms) = postSolution
		{B24C27D2-18AE-4447-A4E3-E93527EC75E0}.Debug|Any CPU.ActiveCfg = Debug|Any CPU
		{B24C27D2-18AE-4447-A4E3-E93527EC75E0}.Debug|Any CPU.Build.0 = Debug|Any CPU
		{B24C27D2-18AE-4447-A4E3-E93527EC75E0}.Release|Any CPU.ActiveCfg = Release|Any CPU
		{B24C27D2-18AE-4447-A4E3-E93527EC75E0}.Release|Any CPU.Build.0 = Release|Any CPU
	EndGlobalSection
	GlobalSection(SolutionProperties) = preSolution
		HideSolutionNode = FALSE
	EndGlobalSection
	GlobalSection(ExtensibilityGlobals) = postSolution
		SolutionGuid = {EC567009-27E1-46A0-91D9-E01A78261FD2}
	EndGlobalSection
EndGlobal
